{
    "_readme": [
        "This file locks the dependencies of your project to a known state",
        "Read more about it at https://getcomposer.org/doc/01-basic-usage.md#composer-lock-the-lock-file",
        "This file is @generated automatically"
    ],
    "content-hash": "197a04953275c3a03b088ec25bc58b4e",
    "packages": [
        {
            "name": "catfan/medoo",
            "version": "v1.4.2",
            "source": {
                "type": "git",
                "url": "https://github.com/catfan/Medoo.git",
                "reference": "1134cd6372c6ec9e3ffca81335fbf04adaec4422"
            },
            "dist": {
                "type": "zip",
                "url": "https://files.phpcomposer.com/files/catfan/Medoo/1134cd6372c6ec9e3ffca81335fbf04adaec4422.zip",
                "reference": "1134cd6372c6ec9e3ffca81335fbf04adaec4422",
                "shasum": ""
            },
            "require": {
                "ext-pdo": "*",
                "php": ">=5.4"
            },
            "suggest": {
                "ext-pdo_dblib": "For MSSQL or Sybase database on Linux/UNIX platform",
                "ext-pdo_mysql": "For MySQL or MariaDB database",
                "ext-pdo_oci": "For Oracle database",
                "ext-pdo_oci8": "For Oracle version 8 database",
                "ext-pdo_pqsql": "For PostgreSQL database",
                "ext-pdo_sqlite": "For SQLite database",
                "ext-pdo_sqlsrv": "For MSSQL database on Windows platform"
            },
            "type": "framework",
            "autoload": {
                "psr-4": {
                    "Medoo\\": "/src"
                }
            },
            "notification-url": "https://packagist.org/downloads/",
            "license": [
                "MIT"
            ],
            "authors": [
                {
                    "name": "Angel Lai",
                    "email": "angel@catfan.me"
                }
            ],
            "description": "The lightest PHP database framework to accelerate development",
            "homepage": "https://medoo.in",
            "keywords": [
                "database",
                "lightweight",
                "mariadb",
                "mssql",
                "mysql",
                "oracle",
                "php framework",
                "postgresql",
                "sql",
                "sqlite"
            ],
            "time": "2017-05-16T14:30:44+00:00"
        },
        {
            "name": "hello/hello",
            "version": "dev-master",
            "source": {
                "type": "git",
                "url": "https://github.com/wangcong099878/ctools.git",
                "reference": "07a8376c0af11b2bcbe79802d7ffa999fec7377c"
            },
            "dist": {
                "type": "zip",
                "url": "https://api.github.com/repos/wangcong099878/ctools/zipball/07a8376c0af11b2bcbe79802d7ffa999fec7377c",
                "reference": "07a8376c0af11b2bcbe79802d7ffa999fec7377c",
                "shasum": ""
            },
            "require": {
                "php": ">=5.3"
            },
            "require-dev": {
                "phpunit/phpunit": "~4.0"
            },
            "type": "library",
            "autoload": {
                "psr-4": {
                    "OSS\\": "src/OSS",
                    "Hello\\": "src/Hello"
                }
            },
            "license": [
                "MIT"
            ],
            "authors": [
                {
                    "name": "cason",
                    "homepage": "http://www.cason.com"
                }
            ],
            "description": "Cason",
            "homepage": "http://www.cason.com",
            "support": {
                "source": "https://github.com/wangcong099878/ctools/tree/master",
                "issues": "https://github.com/wangcong099878/ctools/issues"
            },
            "time": "2017-05-14 05:25:28"
        }
    ],
    "packages-dev": [],
    "aliases": [],
    "minimum-stability": "stable",
    "stability-flags": {
        "hello/hello": 20
    },
    "prefer-stable": false,
    "prefer-lowest": false,
    "platform": [],
    "platform-dev": []
}
